
Microsoft Visual Studio Solution File, Format Version 12.00
# Visual Studio Version 17
VisualStudioVersion = 17.10.34916.146
MinimumVisualStudioVersion = 10.0.40219.1
Project("{8BC9CEB8-8B4A-11D0-8D11-00A0C91BC942}") = "hello world.c", "hello world.c\hello world.c.vcxproj", "{833ED078-C2A6-479F-B456-2EE9AA5AD9F8}"
EndProject
Global
	GlobalSection(SolutionConfigurationPlatforms) = preSolution
		Debug|x64 = Debug|x64
		Debug|x86 = Debug|x86
		Release|x64 = Release|x64
		Release|x86 = Release|x86
	EndGlobalSection
	GlobalSection(ProjectConfigurationPlatforms) = postSolution
		{833ED078-C2A6-479F-B456-2EE9AA5AD9F8}.Debug|x64.ActiveCfg = Debug|x64
		{833ED078-C2A6-479F-B456-2EE9AA5AD9F8}.Debug|x64.Build.0 = Debug|x64
		{833ED078-C2A6-479F-B456-2EE9AA5AD9F8}.Debug|x86.ActiveCfg = Debug|Win32
		{833ED078-C2A6-479F-B456-2EE9AA5AD9F8}.Debug|x86.Build.0 = Debug|Win32
		{833ED078-C2A6-479F-B456-2EE9AA5AD9F8}.Release|x64.ActiveCfg = Release|x64
		{833ED078-C2A6-479F-B456-2EE9AA5AD9F8}.Release|x64.Build.0 = Release|x64
		{833ED078-C2A6-479F-B456-2EE9AA5AD9F8}.Release|x86.ActiveCfg = Release|Win32
		{833ED078-C2A6-479F-B456-2EE9AA5AD9F8}.Release|x86.Build.0 = Release|Win32
	EndGlobalSection
	GlobalSection(SolutionProperties) = preSolution
		HideSolutionNode = FALSE
	EndGlobalSection
	GlobalSection(ExtensibilityGlobals) = postSolution
		SolutionGuid = {0B53E5EB-157D-4D6D-8A10-D65923BDA0D3}
	EndGlobalSection
EndGlobal
